
Microsoft Visual Studio Solution File, Format Version 12.00
# Visual Studio Version 17
VisualStudioVersion = 17.2.32616.157
MinimumVisualStudioVersion = 10.0.40219.1
Project("{FAE04EC0-301F-11D3-BF4B-00C04F79EFBC}") = "wcfProject", "wcfProject\wcfProject.csproj", "{376B9543-AB48-4711-A510-154BEA35E6B1}"
EndProject
Project("{FAE04EC0-301F-11D3-BF4B-00C04F79EFBC}") = "APISample", "APISample\APISample.csproj", "{2530009C-364B-4400-A143-42CAF0F4F323}"
EndProject
Project("{FAE04EC0-301F-11D3-BF4B-00C04F79EFBC}") = "UseAPI", "UseAPI\UseAPI.csproj", "{1FB81285-ABAD-4DD1-BFF4-C638DCE5616D}"
EndProject
Global
	GlobalSection(SolutionConfigurationPlatforms) = preSolution
		Debug|Any CPU = Debug|Any CPU
		Release|Any CPU = Release|Any CPU
	EndGlobalSection
	GlobalSection(ProjectConfigurationPlatforms) = postSolution
		{376B9543-AB48-4711-A510-154BEA35E6B1}.Debug|Any CPU.ActiveCfg = Debug|Any CPU
		{376B9543-AB48-4711-A510-154BEA35E6B1}.Debug|Any CPU.Build.0 = Debug|Any CPU
		{376B9543-AB48-4711-A510-154BEA35E6B1}.Release|Any CPU.ActiveCfg = Release|Any CPU
		{376B9543-AB48-4711-A510-154BEA35E6B1}.Release|Any CPU.Build.0 = Release|Any CPU
		{2530009C-364B-4400-A143-42CAF0F4F323}.Debug|Any CPU.ActiveCfg = Debug|Any CPU
		{2530009C-364B-4400-A143-42CAF0F4F323}.Debug|Any CPU.Build.0 = Debug|Any CPU
		{2530009C-364B-4400-A143-42CAF0F4F323}.Release|Any CPU.ActiveCfg = Release|Any CPU
		{2530009C-364B-4400-A143-42CAF0F4F323}.Release|Any CPU.Build.0 = Release|Any CPU
		{1FB81285-ABAD-4DD1-BFF4-C638DCE5616D}.Debug|Any CPU.ActiveCfg = Debug|Any CPU
		{1FB81285-ABAD-4DD1-BFF4-C638DCE5616D}.Debug|Any CPU.Build.0 = Debug|Any CPU
		{1FB81285-ABAD-4DD1-BFF4-C638DCE5616D}.Release|Any CPU.ActiveCfg = Release|Any CPU
		{1FB81285-ABAD-4DD1-BFF4-C638DCE5616D}.Release|Any CPU.Build.0 = Release|Any CPU
	EndGlobalSection
	GlobalSection(SolutionProperties) = preSolution
		HideSolutionNode = FALSE
	EndGlobalSection
	GlobalSection(ExtensibilityGlobals) = postSolution
		SolutionGuid = {24ED5DEB-4C64-4E23-BDC9-760C9A78434C}
	EndGlobalSection
EndGlobal
